
Microsoft Visual Studio Solution File, Format Version 12.00
# Visual Studio 15
VisualStudioVersion = 15.0.28307.1231
MinimumVisualStudioVersion = 10.0.40219.1
Project("{2150E333-8FDC-42A3-9474-1A3956D46DE8}") = "01_模型层", "01_模型层", "{7DEF2CC8-E7CD-44F1-9D8B-7CC08F188CD5}"
EndProject
Project("{2150E333-8FDC-42A3-9474-1A3956D46DE8}") = "02_数据访问层", "02_数据访问层", "{68DDABFA-BEE7-48CD-8096-F1F2AA5D2380}"
EndProject
Project("{2150E333-8FDC-42A3-9474-1A3956D46DE8}") = "03_业务逻辑层", "03_业务逻辑层", "{C2AE2508-AA77-4502-9C7C-71ECE2BF4025}"
EndProject
Project("{2150E333-8FDC-42A3-9474-1A3956D46DE8}") = "04_数据传输层", "04_数据传输层", "{1016AE1F-8AAD-4640-8B50-EA34BE414EFC}"
EndProject
Project("{2150E333-8FDC-42A3-9474-1A3956D46DE8}") = "06_UI层", "06_UI层", "{3866E005-7955-45C3-AAB5-BEF2BD5D05B8}"
EndProject
Project("{2150E333-8FDC-42A3-9474-1A3956D46DE8}") = "05_公共层", "05_公共层", "{DF4394B9-7C8B-437A-803B-2117D0CD5049}"
EndProject
Project("{FAE04EC0-301F-11D3-BF4B-00C04F79EFBC}") = "BSWCom.Model", "BSWCom.Model\BSWCom.Model.csproj", "{92512FED-9997-4990-B682-5971A1EBB13C}"
EndProject
Project("{FAE04EC0-301F-11D3-BF4B-00C04F79EFBC}") = "BSWCom.IBLL", "BSWCom.IBLL\BSWCom.IBLL.csproj", "{8ED34E1B-3773-4570-9E8F-4781912E0EE2}"
EndProject
Project("{FAE04EC0-301F-11D3-BF4B-00C04F79EFBC}") = "BSWCom.IDAL", "BSWCom.IDAL\BSWCom.IDAL.csproj", "{983ECF5C-61A4-468F-8536-7C6C152168A5}"
EndProject
Project("{FAE04EC0-301F-11D3-BF4B-00C04F79EFBC}") = "BSWCom.DAL", "BSWCom.DAL\BSWCom.DAL.csproj", "{CFD731B7-46D0-4206-BDB0-B38BBCAD73EA}"
EndProject
Project("{FAE04EC0-301F-11D3-BF4B-00C04F79EFBC}") = "BSWCom.DTO", "BSWCom.DTO\BSWCom.DTO.csproj", "{450529D2-CFCB-4E22-BE84-E5B775289E4E}"
EndProject
Project("{FAE04EC0-301F-11D3-BF4B-00C04F79EFBC}") = "BSWCom.BLL", "BSWCom.BLL\BSWCom.BLL.csproj", "{09D59565-A55F-40CB-8A70-D2D3810FE2F9}"
EndProject
Project("{FAE04EC0-301F-11D3-BF4B-00C04F79EFBC}") = "BSWCom.WebSite", "BSWCom.WebSite\BSWCom.WebSite.csproj", "{4B8E0894-BF2F-4EF8-A196-DF94DB78E6BE}"
EndProject
Project("{FAE04EC0-301F-11D3-BF4B-00C04F79EFBC}") = "BSWCom.Common", "BSWCom.Common\BSWCom.Common.csproj", "{CF231B40-7194-4014-AD74-3F7ADBEC9CA4}"
EndProject
Project("{FAE04EC0-301F-11D3-BF4B-00C04F79EFBC}") = "BSWCom.WebHelper", "BSWCom.WebHelper\BSWCom.WebHelper.csproj", "{4A51C57E-50A3-43F0-8486-01A082CAC795}"
EndProject
Global
	GlobalSection(SolutionConfigurationPlatforms) = preSolution
		Debug|Any CPU = Debug|Any CPU
		Release|Any CPU = Release|Any CPU
	EndGlobalSection
	GlobalSection(ProjectConfigurationPlatforms) = postSolution
		{92512FED-9997-4990-B682-5971A1EBB13C}.Debug|Any CPU.ActiveCfg = Debug|Any CPU
		{92512FED-9997-4990-B682-5971A1EBB13C}.Debug|Any CPU.Build.0 = Debug|Any CPU
		{92512FED-9997-4990-B682-5971A1EBB13C}.Release|Any CPU.ActiveCfg = Release|Any CPU
		{92512FED-9997-4990-B682-5971A1EBB13C}.Release|Any CPU.Build.0 = Release|Any CPU
		{8ED34E1B-3773-4570-9E8F-4781912E0EE2}.Debug|Any CPU.ActiveCfg = Debug|Any CPU
		{8ED34E1B-3773-4570-9E8F-4781912E0EE2}.Debug|Any CPU.Build.0 = Debug|Any CPU
		{8ED34E1B-3773-4570-9E8F-4781912E0EE2}.Release|Any CPU.ActiveCfg = Release|Any CPU
		{8ED34E1B-3773-4570-9E8F-4781912E0EE2}.Release|Any CPU.Build.0 = Release|Any CPU
		{983ECF5C-61A4-468F-8536-7C6C152168A5}.Debug|Any CPU.ActiveCfg = Debug|Any CPU
		{983ECF5C-61A4-468F-8536-7C6C152168A5}.Debug|Any CPU.Build.0 = Debug|Any CPU
		{983ECF5C-61A4-468F-8536-7C6C152168A5}.Release|Any CPU.ActiveCfg = Release|Any CPU
		{983ECF5C-61A4-468F-8536-7C6C152168A5}.Release|Any CPU.Build.0 = Release|Any CPU
		{CFD731B7-46D0-4206-BDB0-B38BBCAD73EA}.Debug|Any CPU.ActiveCfg = Debug|Any CPU
		{CFD731B7-46D0-4206-BDB0-B38BBCAD73EA}.Debug|Any CPU.Build.0 = Debug|Any CPU
		{CFD731B7-46D0-4206-BDB0-B38BBCAD73EA}.Release|Any CPU.ActiveCfg = Release|Any CPU
		{CFD731B7-46D0-4206-BDB0-B38BBCAD73EA}.Release|Any CPU.Build.0 = Release|Any CPU
		{450529D2-CFCB-4E22-BE84-E5B775289E4E}.Debug|Any CPU.ActiveCfg = Debug|Any CPU
		{450529D2-CFCB-4E22-BE84-E5B775289E4E}.Debug|Any CPU.Build.0 = Debug|Any CPU
		{450529D2-CFCB-4E22-BE84-E5B775289E4E}.Release|Any CPU.ActiveCfg = Release|Any CPU
		{450529D2-CFCB-4E22-BE84-E5B775289E4E}.Release|Any CPU.Build.0 = Release|Any CPU
		{09D59565-A55F-40CB-8A70-D2D3810FE2F9}.Debug|Any CPU.ActiveCfg = Debug|Any CPU
		{09D59565-A55F-40CB-8A70-D2D3810FE2F9}.Debug|Any CPU.Build.0 = Debug|Any CPU
		{09D59565-A55F-40CB-8A70-D2D3810FE2F9}.Release|Any CPU.ActiveCfg = Release|Any CPU
		{09D59565-A55F-40CB-8A70-D2D3810FE2F9}.Release|Any CPU.Build.0 = Release|Any CPU
		{4B8E0894-BF2F-4EF8-A196-DF94DB78E6BE}.Debug|Any CPU.ActiveCfg = Debug|Any CPU
		{4B8E0894-BF2F-4EF8-A196-DF94DB78E6BE}.Debug|Any CPU.Build.0 = Debug|Any CPU
		{4B8E0894-BF2F-4EF8-A196-DF94DB78E6BE}.Release|Any CPU.ActiveCfg = Release|Any CPU
		{4B8E0894-BF2F-4EF8-A196-DF94DB78E6BE}.Release|Any CPU.Build.0 = Release|Any CPU
		{CF231B40-7194-4014-AD74-3F7ADBEC9CA4}.Debug|Any CPU.ActiveCfg = Debug|Any CPU
		{CF231B40-7194-4014-AD74-3F7ADBEC9CA4}.Debug|Any CPU.Build.0 = Debug|Any CPU
		{CF231B40-7194-4014-AD74-3F7ADBEC9CA4}.Release|Any CPU.ActiveCfg = Release|Any CPU
		{CF231B40-7194-4014-AD74-3F7ADBEC9CA4}.Release|Any CPU.Build.0 = Release|Any CPU
		{4A51C57E-50A3-43F0-8486-01A082CAC795}.Debug|Any CPU.ActiveCfg = Debug|Any CPU
		{4A51C57E-50A3-43F0-8486-01A082CAC795}.Debug|Any CPU.Build.0 = Debug|Any CPU
		{4A51C57E-50A3-43F0-8486-01A082CAC795}.Release|Any CPU.ActiveCfg = Release|Any CPU
		{4A51C57E-50A3-43F0-8486-01A082CAC795}.Release|Any CPU.Build.0 = Release|Any CPU
	EndGlobalSection
	GlobalSection(SolutionProperties) = preSolution
		HideSolutionNode = FALSE
	EndGlobalSection
	GlobalSection(NestedProjects) = preSolution
		{92512FED-9997-4990-B682-5971A1EBB13C} = {7DEF2CC8-E7CD-44F1-9D8B-7CC08F188CD5}
		{8ED34E1B-3773-4570-9E8F-4781912E0EE2} = {C2AE2508-AA77-4502-9C7C-71ECE2BF4025}
		{983ECF5C-61A4-468F-8536-7C6C152168A5} = {68DDABFA-BEE7-48CD-8096-F1F2AA5D2380}
		{CFD731B7-46D0-4206-BDB0-B38BBCAD73EA} = {68DDABFA-BEE7-48CD-8096-F1F2AA5D2380}
		{450529D2-CFCB-4E22-BE84-E5B775289E4E} = {1016AE1F-8AAD-4640-8B50-EA34BE414EFC}
		{09D59565-A55F-40CB-8A70-D2D3810FE2F9} = {C2AE2508-AA77-4502-9C7C-71ECE2BF4025}
		{4B8E0894-BF2F-4EF8-A196-DF94DB78E6BE} = {3866E005-7955-45C3-AAB5-BEF2BD5D05B8}
		{CF231B40-7194-4014-AD74-3F7ADBEC9CA4} = {DF4394B9-7C8B-437A-803B-2117D0CD5049}
		{4A51C57E-50A3-43F0-8486-01A082CAC795} = {3866E005-7955-45C3-AAB5-BEF2BD5D05B8}
	EndGlobalSection
	GlobalSection(ExtensibilityGlobals) = postSolution
		SolutionGuid = {C62D7D66-D74F-4791-AFD4-160B98129909}
	EndGlobalSection
EndGlobal
